
Microsoft Visual Studio Solution File, Format Version 12.00
# Visual Studio Version 17
VisualStudioVersion = 17.11.35222.181
MinimumVisualStudioVersion = 10.0.40219.1
Project("{FAE04EC0-301F-11D3-BF4B-00C04F79EFBC}") = "BuildingTheCase", "BuildingTheCase\BuildingTheCase.csproj", "{7B130D14-8190-4F5D-94D3-0322B4AE02EB}"
EndProject
Global
	GlobalSection(SolutionConfigurationPlatforms) = preSolution
		Debug|Any CPU = Debug|Any CPU
		Release|Any CPU = Release|Any CPU
	EndGlobalSection
	GlobalSection(ProjectConfigurationPlatforms) = postSolution
		{7B130D14-8190-4F5D-94D3-0322B4AE02EB}.Debug|Any CPU.ActiveCfg = Debug|Any CPU
		{7B130D14-8190-4F5D-94D3-0322B4AE02EB}.Debug|Any CPU.Build.0 = Debug|Any CPU
		{7B130D14-8190-4F5D-94D3-0322B4AE02EB}.Release|Any CPU.ActiveCfg = Release|Any CPU
		{7B130D14-8190-4F5D-94D3-0322B4AE02EB}.Release|Any CPU.Build.0 = Release|Any CPU
	EndGlobalSection
	GlobalSection(SolutionProperties) = preSolution
		HideSolutionNode = FALSE
	EndGlobalSection
	GlobalSection(ExtensibilityGlobals) = postSolution
		SolutionGuid = {C2CD54F1-119A-4D50-8F11-2C091FDDCBD2}
	EndGlobalSection
EndGlobal
